
Microsoft Visual Studio Solution File, Format Version 12.00
# Visual Studio Version 17
VisualStudioVersion = 17.4.33213.308
MinimumVisualStudioVersion = 10.0.40219.1
Project("{FAE04EC0-301F-11D3-BF4B-00C04F79EFBC}") = "Busines", "Busines\Busines.csproj", "{38B1BD6E-59AE-404E-BE20-B713D001B405}"
EndProject
Project("{FAE04EC0-301F-11D3-BF4B-00C04F79EFBC}") = "ConsolUI", "ConsolUI\ConsolUI.csproj", "{18CBF1DC-B9E0-4AAF-8834-57AD9D5A2E56}"
EndProject
Project("{FAE04EC0-301F-11D3-BF4B-00C04F79EFBC}") = "DataAccess", "DataAccess\DataAccess.csproj", "{4EAAB638-711A-4164-8EC7-4B4A4ED16169}"
EndProject
Project("{FAE04EC0-301F-11D3-BF4B-00C04F79EFBC}") = "Entities", "Entities\Entities.csproj", "{A2880E83-5115-4139-AA1B-703F44DA6C18}"
EndProject
Global
	GlobalSection(SolutionConfigurationPlatforms) = preSolution
		Debug|Any CPU = Debug|Any CPU
		Release|Any CPU = Release|Any CPU
	EndGlobalSection
	GlobalSection(ProjectConfigurationPlatforms) = postSolution
		{38B1BD6E-59AE-404E-BE20-B713D001B405}.Debug|Any CPU.ActiveCfg = Debug|Any CPU
		{38B1BD6E-59AE-404E-BE20-B713D001B405}.Debug|Any CPU.Build.0 = Debug|Any CPU
		{38B1BD6E-59AE-404E-BE20-B713D001B405}.Release|Any CPU.ActiveCfg = Release|Any CPU
		{38B1BD6E-59AE-404E-BE20-B713D001B405}.Release|Any CPU.Build.0 = Release|Any CPU
		{18CBF1DC-B9E0-4AAF-8834-57AD9D5A2E56}.Debug|Any CPU.ActiveCfg = Debug|Any CPU
		{18CBF1DC-B9E0-4AAF-8834-57AD9D5A2E56}.Debug|Any CPU.Build.0 = Debug|Any CPU
		{18CBF1DC-B9E0-4AAF-8834-57AD9D5A2E56}.Release|Any CPU.ActiveCfg = Release|Any CPU
		{18CBF1DC-B9E0-4AAF-8834-57AD9D5A2E56}.Release|Any CPU.Build.0 = Release|Any CPU
		{4EAAB638-711A-4164-8EC7-4B4A4ED16169}.Debug|Any CPU.ActiveCfg = Debug|Any CPU
		{4EAAB638-711A-4164-8EC7-4B4A4ED16169}.Debug|Any CPU.Build.0 = Debug|Any CPU
		{4EAAB638-711A-4164-8EC7-4B4A4ED16169}.Release|Any CPU.ActiveCfg = Release|Any CPU
		{4EAAB638-711A-4164-8EC7-4B4A4ED16169}.Release|Any CPU.Build.0 = Release|Any CPU
		{A2880E83-5115-4139-AA1B-703F44DA6C18}.Debug|Any CPU.ActiveCfg = Debug|Any CPU
		{A2880E83-5115-4139-AA1B-703F44DA6C18}.Debug|Any CPU.Build.0 = Debug|Any CPU
		{A2880E83-5115-4139-AA1B-703F44DA6C18}.Release|Any CPU.ActiveCfg = Release|Any CPU
		{A2880E83-5115-4139-AA1B-703F44DA6C18}.Release|Any CPU.Build.0 = Release|Any CPU
	EndGlobalSection
	GlobalSection(SolutionProperties) = preSolution
		HideSolutionNode = FALSE
	EndGlobalSection
	GlobalSection(ExtensibilityGlobals) = postSolution
		SolutionGuid = {26086B1C-F208-4FBD-AC0D-FEDBEEA63FBD}
	EndGlobalSection
EndGlobal
